
Microsoft Visual Studio Solution File, Format Version 12.00
# Visual Studio Version 17
VisualStudioVersion = 17.3.32825.248
MinimumVisualStudioVersion = 10.0.40219.1
Project("{FAE04EC0-301F-11D3-BF4B-00C04F79EFBC}") = "U6-13", "U6-13.csproj", "{15EE89F5-7086-446F-B7B9-95081AC4CEDA}"
EndProject
Global
	GlobalSection(SolutionConfigurationPlatforms) = preSolution
		Debug|Any CPU = Debug|Any CPU
		Release|Any CPU = Release|Any CPU
	EndGlobalSection
	GlobalSection(ProjectConfigurationPlatforms) = postSolution
		{15EE89F5-7086-446F-B7B9-95081AC4CEDA}.Debug|Any CPU.ActiveCfg = Debug|Any CPU
		{15EE89F5-7086-446F-B7B9-95081AC4CEDA}.Debug|Any CPU.Build.0 = Debug|Any CPU
		{15EE89F5-7086-446F-B7B9-95081AC4CEDA}.Release|Any CPU.ActiveCfg = Release|Any CPU
		{15EE89F5-7086-446F-B7B9-95081AC4CEDA}.Release|Any CPU.Build.0 = Release|Any CPU
	EndGlobalSection
	GlobalSection(SolutionProperties) = preSolution
		HideSolutionNode = FALSE
	EndGlobalSection
	GlobalSection(ExtensibilityGlobals) = postSolution
		SolutionGuid = {705765CC-E2A2-4F42-AF3E-30C95E2173A5}
	EndGlobalSection
EndGlobal
